
Microsoft Visual Studio Solution File, Format Version 12.00
# Visual Studio Version 16
VisualStudioVersion = 16.0.29728.190
MinimumVisualStudioVersion = 10.0.40219.1
Project("{9A19103F-16F7-4668-BE54-9A1E7A4F7556}") = "Practical_Exercises_2", "Practical_Exercises_2\Practical_Exercises_2.csproj", "{A3E9E371-1823-43A0-81DD-0F2217D5298E}"
EndProject
Project("{FAE04EC0-301F-11D3-BF4B-00C04F79EFBC}") = "Loops_Demo", "Loops_Demo\Loops_Demo.csproj", "{8E1EE94A-BA08-492E-8C32-59985801ECE6}"
EndProject
Project("{FAE04EC0-301F-11D3-BF4B-00C04F79EFBC}") = "Loops_Demo_2", "Loops_Demo_2\Loops_Demo_2.csproj", "{6491D881-501B-4475-8053-14BB92D1506A}"
EndProject
Global
	GlobalSection(SolutionConfigurationPlatforms) = preSolution
		Debug|Any CPU = Debug|Any CPU
		Release|Any CPU = Release|Any CPU
	EndGlobalSection
	GlobalSection(ProjectConfigurationPlatforms) = postSolution
		{A3E9E371-1823-43A0-81DD-0F2217D5298E}.Debug|Any CPU.ActiveCfg = Debug|Any CPU
		{A3E9E371-1823-43A0-81DD-0F2217D5298E}.Debug|Any CPU.Build.0 = Debug|Any CPU
		{A3E9E371-1823-43A0-81DD-0F2217D5298E}.Release|Any CPU.ActiveCfg = Release|Any CPU
		{A3E9E371-1823-43A0-81DD-0F2217D5298E}.Release|Any CPU.Build.0 = Release|Any CPU
		{8E1EE94A-BA08-492E-8C32-59985801ECE6}.Debug|Any CPU.ActiveCfg = Debug|Any CPU
		{8E1EE94A-BA08-492E-8C32-59985801ECE6}.Debug|Any CPU.Build.0 = Debug|Any CPU
		{8E1EE94A-BA08-492E-8C32-59985801ECE6}.Release|Any CPU.ActiveCfg = Release|Any CPU
		{8E1EE94A-BA08-492E-8C32-59985801ECE6}.Release|Any CPU.Build.0 = Release|Any CPU
		{6491D881-501B-4475-8053-14BB92D1506A}.Debug|Any CPU.ActiveCfg = Debug|Any CPU
		{6491D881-501B-4475-8053-14BB92D1506A}.Debug|Any CPU.Build.0 = Debug|Any CPU
		{6491D881-501B-4475-8053-14BB92D1506A}.Release|Any CPU.ActiveCfg = Release|Any CPU
		{6491D881-501B-4475-8053-14BB92D1506A}.Release|Any CPU.Build.0 = Release|Any CPU
	EndGlobalSection
	GlobalSection(SolutionProperties) = preSolution
		HideSolutionNode = FALSE
	EndGlobalSection
	GlobalSection(ExtensibilityGlobals) = postSolution
		SolutionGuid = {ECFB7413-096C-4C30-8349-B06D546C6F7E}
	EndGlobalSection
EndGlobal
